
Microsoft Visual Studio Solution File, Format Version 12.00
# Visual Studio Version 16
VisualStudioVersion = 16.0.31624.102
MinimumVisualStudioVersion = 10.0.40219.1
Project("{8BC9CEB8-8B4A-11D0-8D11-00A0C91BC942}") = "Homework_11_many_nasledovanie", "Homework_11_many_nasledovanie.vcxproj", "{13463C90-B1D6-41F7-9B63-07443A2E8804}"
EndProject
Global
	GlobalSection(SolutionConfigurationPlatforms) = preSolution
		Debug|x64 = Debug|x64
		Debug|x86 = Debug|x86
		Release|x64 = Release|x64
		Release|x86 = Release|x86
	EndGlobalSection
	GlobalSection(ProjectConfigurationPlatforms) = postSolution
		{13463C90-B1D6-41F7-9B63-07443A2E8804}.Debug|x64.ActiveCfg = Debug|x64
		{13463C90-B1D6-41F7-9B63-07443A2E8804}.Debug|x64.Build.0 = Debug|x64
		{13463C90-B1D6-41F7-9B63-07443A2E8804}.Debug|x86.ActiveCfg = Debug|Win32
		{13463C90-B1D6-41F7-9B63-07443A2E8804}.Debug|x86.Build.0 = Debug|Win32
		{13463C90-B1D6-41F7-9B63-07443A2E8804}.Release|x64.ActiveCfg = Release|x64
		{13463C90-B1D6-41F7-9B63-07443A2E8804}.Release|x64.Build.0 = Release|x64
		{13463C90-B1D6-41F7-9B63-07443A2E8804}.Release|x86.ActiveCfg = Release|Win32
		{13463C90-B1D6-41F7-9B63-07443A2E8804}.Release|x86.Build.0 = Release|Win32
	EndGlobalSection
	GlobalSection(SolutionProperties) = preSolution
		HideSolutionNode = FALSE
	EndGlobalSection
	GlobalSection(ExtensibilityGlobals) = postSolution
		SolutionGuid = {DD6214CE-B3B7-4A9F-850B-11FA19472CAD}
	EndGlobalSection
EndGlobal
